{
  "nodes": {
    "flake-compat": {
      "flake": false,
      "locked": {
        "lastModified": 1777699697,
        "narHash": "sha256-Eg9b/rq/ECYwNwEXs5i9wHyhxNI0JrYx2srdI2uZMaQ=",
        "ref": "refs/heads/main",
        "rev": "382052b74656a369c5408822af3f2501e9b1af81",
        "revCount": 94,
        "type": "git",
        "url": "https://git.lix.systems/lix-project/flake-compat.git"
      },
      "original": {
        "type": "git",
        "url": "https://git.lix.systems/lix-project/flake-compat.git"
      }
    },
    "home-manager": {
      "inputs": {
        "nixpkgs": [
          "nixpkgs"
        ]
      },
      "locked": {
        "lastModified": 1783740085,
        "narHash": "sha256-qajyHfZY29G2oEQk+uHxmsJcRoBUBXP9maTpFlwP/dI=",
        "owner": "nix-community",
        "repo": "home-manager",
        "rev": "3cd22efe6471dc7365c822bd9ad73a21e55f38fb",
        "type": "github"
      },
      "original": {
        "owner": "nix-community",
        "ref": "release-26.05",
        "repo": "home-manager",
        "type": "github"
      }
    },
    "icon-jar": {
      "flake": false,
      "locked": {
        "lastModified": 1783293438,
        "narHash": "sha256-bxpz6FgRp8RtwBfP8yAQ9JmvPMqspPnDDPlWb7d7pvU=",
        "owner": "y-jar",
        "repo": "icon-jar",
        "rev": "f05045ea1f9b9f858615e89e0258e289977bbbd4",
        "type": "github"
      },
      "original": {
        "owner": "y-jar",
        "repo": "icon-jar",
        "type": "github"
      }
    },
    "mnw": {
      "locked": {
        "lastModified": 1780772958,
        "narHash": "sha256-VKKe8r4pwCGWZ3Yr9CPN129R4S3CKLSrlYqdYz3vKpM=",
        "owner": "Gerg-L",
        "repo": "mnw",
        "rev": "0871dbf63a53610c95db04439ed8ea4d6ec9c160",
        "type": "github"
      },
      "original": {
        "owner": "Gerg-L",
        "repo": "mnw",
        "type": "github"
      }
    },
    "nixpkgs": {
      "locked": {
        "lastModified": 1784011430,
        "narHash": "sha256-lDebytrYdd47IBLwvNOD+6AGeoqZ78CIKlp70hzW280=",
        "owner": "nixos",
        "repo": "nixpkgs",
        "rev": "8eeec934ae0dbeca3d7868c059568a65c08b2fc3",
        "type": "github"
      },
      "original": {
        "owner": "nixos",
        "ref": "nixos-26.05",
        "repo": "nixpkgs",
        "type": "github"
      }
    },
    "nixpkgs-unstable": {
      "locked": {
        "lastModified": 1784007870,
        "narHash": "sha256-djcLt/JJphyNt4eDY9XTly+/WbCK5lqWq9lSgCmJkkQ=",
        "owner": "nixos",
        "repo": "nixpkgs",
        "rev": "18b9261cb3294b6d2a06d03f96872827b8fe2698",
        "type": "github"
      },
      "original": {
        "owner": "nixos",
        "ref": "nixos-unstable",
        "repo": "nixpkgs",
        "type": "github"
      }
    },
    "nixpkgs_2": {
      "locked": {
        "lastModified": 1784120854,
        "narHash": "sha256-Pjytpyqs/h6Kfs46Pcj+upOCqq0/Wwq81YSSeko7ChM=",
        "rev": "753cc8a3a87467296ddd1fa93f0cc3e81120ee46",
        "type": "tarball",
        "url": "https://releases.nixos.org/nixos/unstable/nixos-26.11pre1035164.753cc8a3a874/nixexprs.tar.xz"
      },
      "original": {
        "type": "tarball",
        "url": "https://channels.nixos.org/nixos-unstable/nixexprs.tar.xz"
      }
    },
    "nvf": {
      "inputs": {
        "flake-compat": "flake-compat",
        "mnw": "mnw",
        "nixpkgs": [
          "nixpkgs"
        ]
      },
      "locked": {
        "lastModified": 1784149460,
        "narHash": "sha256-S1RhDpdnRmRlVhLnze3w51YStpMW7wn+QDtct3Z8UJs=",
        "owner": "NotAShelf",
        "repo": "nvf",
        "rev": "ca782441ccbc930ce3959bea1321971d7aac3fb7",
        "type": "github"
      },
      "original": {
        "owner": "NotAShelf",
        "repo": "nvf",
        "type": "github"
      }
    },
    "pfp-jar": {
      "flake": false,
      "locked": {
        "lastModified": 1783292681,
        "narHash": "sha256-DAR8qHlG4/nWvcbBqrgLYCUkyzb9BEi4nk8r+hEen/c=",
        "owner": "y-jar",
        "repo": "pfp-jar",
        "rev": "a60b5fb711d6531d157f3d9345d2b8348567a952",
        "type": "github"
      },
      "original": {
        "owner": "y-jar",
        "repo": "pfp-jar",
        "type": "github"
      }
    },
    "root": {
      "inputs": {
        "home-manager": "home-manager",
        "icon-jar": "icon-jar",
        "nixpkgs": "nixpkgs",
        "nixpkgs-unstable": "nixpkgs-unstable",
        "nvf": "nvf",
        "pfp-jar": "pfp-jar",
        "rsakura": "rsakura",
        "wall-jar": "wall-jar"
      }
    },
    "rsakura": {
      "inputs": {
        "nixpkgs": "nixpkgs_2"
      },
      "locked": {
        "lastModified": 1784237433,
        "narHash": "sha256-VEl/Jx0nIfC8qpiRMnKRl0F27CW1fOOTRd/ScFpqJSc=",
        "owner": "preprocessor",
        "repo": "rsakura",
        "rev": "c3307b2876f7f4a600641bd8f014bb22be2f1693",
        "type": "github"
      },
      "original": {
        "owner": "preprocessor",
        "repo": "rsakura",
        "type": "github"
      }
    },
    "wall-jar": {
      "flake": false,
      "locked": {
        "lastModified": 1782787335,
        "narHash": "sha256-GcCDNUd+uMp+IyQ6fnGiZBZ8THbvoSbbMNXAmzqPqQg=",
        "owner": "y-jar",
        "repo": "wall-jar",
        "rev": "c58cfe03feb14bdcbaa7e9ca36652cc67f8876ec",
        "type": "github"
      },
      "original": {
        "owner": "y-jar",
        "repo": "wall-jar",
        "type": "github"
      }
    }
  },
  "root": "root",
  "version": 7
}
