{
  "nodes": {
    "flake-compat": {
      "flake": false,
      "locked": {
        "lastModified": 1767039857,
        "narHash": "sha256-vNpUSpF5Nuw8xvDLj2KCwwksIbjua2LZCqhV1LNRDns=",
        "owner": "NixOS",
        "repo": "flake-compat",
        "rev": "5edf11c44bc78a0d334f6334cdaf7d60d732daab",
        "type": "github"
      },
      "original": {
        "owner": "NixOS",
        "repo": "flake-compat",
        "type": "github"
      }
    },
    "flake-compat_2": {
      "flake": false,
      "locked": {
        "lastModified": 1777699697,
        "narHash": "sha256-Eg9b/rq/ECYwNwEXs5i9wHyhxNI0JrYx2srdI2uZMaQ=",
        "ref": "refs/heads/main",
        "rev": "382052b74656a369c5408822af3f2501e9b1af81",
        "revCount": 94,
        "type": "git",
        "url": "https://git.lix.systems/lix-project/flake-compat.git"
      },
      "original": {
        "type": "git",
        "url": "https://git.lix.systems/lix-project/flake-compat.git"
      }
    },
    "flake-parts": {
      "inputs": {
        "nixpkgs-lib": "nixpkgs-lib"
      },
      "locked": {
        "lastModified": 1785627969,
        "narHash": "sha256-4dtXQk/NMePegK/nWp5NSeuZKLATItOq61lpEvmXqGw=",
        "owner": "hercules-ci",
        "repo": "flake-parts",
        "rev": "427bf4bd9435fdf21321c8cc628c24efc14c0f7a",
        "type": "github"
      },
      "original": {
        "owner": "hercules-ci",
        "repo": "flake-parts",
        "type": "github"
      }
    },
    "hjem": {
      "inputs": {
        "nixpkgs": "nixpkgs"
      },
      "locked": {
        "lastModified": 1785929776,
        "narHash": "sha256-qwppDYdtxqtDpI1iSp7bs8prOJ0KQSvhJchfROD04f0=",
        "owner": "feel-co",
        "repo": "hjem",
        "rev": "b610953d0c56da6b28fd39c21bd193b88e91341c",
        "type": "github"
      },
      "original": {
        "owner": "feel-co",
        "repo": "hjem",
        "type": "github"
      }
    },
    "home-manager": {
      "inputs": {
        "nixpkgs": [
          "nixpkgs"
        ]
      },
      "locked": {
        "lastModified": 1786924861,
        "narHash": "sha256-hftabkb+73OcGzvwFAjCiQorAhprs9TnU1+FkGO5CIw=",
        "owner": "nix-community",
        "repo": "home-manager",
        "rev": "09ae1b85a6db412d841d60f924b23f881f0d0a38",
        "type": "github"
      },
      "original": {
        "owner": "nix-community",
        "ref": "release-26.05",
        "repo": "home-manager",
        "type": "github"
      }
    },
    "icon-jar": {
      "flake": false,
      "locked": {
        "lastModified": 1783293438,
        "narHash": "sha256-bxpz6FgRp8RtwBfP8yAQ9JmvPMqspPnDDPlWb7d7pvU=",
        "owner": "y-jar",
        "repo": "icon-jar",
        "rev": "f05045ea1f9b9f858615e89e0258e289977bbbd4",
        "type": "github"
      },
      "original": {
        "owner": "y-jar",
        "repo": "icon-jar",
        "type": "github"
      }
    },
    "mnw": {
      "locked": {
        "lastModified": 1780772958,
        "narHash": "sha256-VKKe8r4pwCGWZ3Yr9CPN129R4S3CKLSrlYqdYz3vKpM=",
        "owner": "Gerg-L",
        "repo": "mnw",
        "rev": "0871dbf63a53610c95db04439ed8ea4d6ec9c160",
        "type": "github"
      },
      "original": {
        "owner": "Gerg-L",
        "repo": "mnw",
        "type": "github"
      }
    },
    "nix-cachyos-kernel": {
      "inputs": {
        "flake-compat": "flake-compat",
        "flake-parts": "flake-parts",
        "nixpkgs": "nixpkgs_2"
      },
      "locked": {
        "lastModified": 1786989576,
        "narHash": "sha256-Jro2RpF1ztNVSPEkzmr+Qc0pUOIhZ76Efg49SoRgSBE=",
        "owner": "xddxdd",
        "repo": "nix-cachyos-kernel",
        "rev": "8d8e6d187674d138720bbd9094e150fed6101d11",
        "type": "github"
      },
      "original": {
        "owner": "xddxdd",
        "ref": "release",
        "repo": "nix-cachyos-kernel",
        "type": "github"
      }
    },
    "nixpkgs": {
      "locked": {
        "lastModified": 1785454630,
        "narHash": "sha256-Lr/ImHlbXabw7KPWfXWY4kkiiHb24PkmBZVVIm28V/c=",
        "rev": "1559d3daa3ecc813a650b79375ea61b6741b8746",
        "type": "tarball",
        "url": "https://releases.nixos.org/nixos/unstable/nixos-26.11pre1044798.1559d3daa3ec/nixexprs.tar.xz?lastModified=1785454630&rev=1559d3daa3ecc813a650b79375ea61b6741b8746"
      },
      "original": {
        "type": "tarball",
        "url": "https://channels.nixos.org/nixos-unstable/nixexprs.tar.xz"
      }
    },
    "nixpkgs-lib": {
      "locked": {
        "lastModified": 1785031560,
        "narHash": "sha256-OmshNvn2vupOFpYinLUu+1Dnpu4n7Q5N3ggGVNHpkUI=",
        "owner": "nix-community",
        "repo": "nixpkgs.lib",
        "rev": "0e79af5e3d4dcfcd676ab5ba3f95d2e3352e078c",
        "type": "github"
      },
      "original": {
        "owner": "nix-community",
        "repo": "nixpkgs.lib",
        "type": "github"
      }
    },
    "nixpkgs_2": {
      "locked": {
        "lastModified": 1786935457,
        "narHash": "sha256-kraAoy5+byR1VkJdQk2FTPSUAN6Pta4fyN3ywHcPAcc=",
        "owner": "NixOS",
        "repo": "nixpkgs",
        "rev": "4df4976d944e0057c4c9f99919c6cda2c623563a",
        "type": "github"
      },
      "original": {
        "owner": "NixOS",
        "ref": "nixos-unstable-small",
        "repo": "nixpkgs",
        "type": "github"
      }
    },
    "nixpkgs_3": {
      "locked": {
        "lastModified": 1786943417,
        "narHash": "sha256-b4qgjdFtlz5TAZ1Hi7DFJeqX3sjaDUnrwr9OO+O1rM0=",
        "owner": "nixos",
        "repo": "nixpkgs",
        "rev": "0dd31db7e6dbf9ce05697c4545f6fe01accec994",
        "type": "github"
      },
      "original": {
        "owner": "nixos",
        "ref": "nixos-26.05",
        "repo": "nixpkgs",
        "type": "github"
      }
    },
    "nixpkgs_4": {
      "locked": {
        "lastModified": 1784497964,
        "narHash": "sha256-WhdsTtaih3DgTPP/PX023b36UNQyMzEoi6GkPyGx0y4=",
        "rev": "241313f4e8e508cb9b13278c2b0fa25b9ca27163",
        "type": "tarball",
        "url": "https://releases.nixos.org/nixos/unstable/nixos-26.11pre1037713.241313f4e8e5/nixexprs.tar.xz"
      },
      "original": {
        "type": "tarball",
        "url": "https://channels.nixos.org/nixos-unstable/nixexprs.tar.xz"
      }
    },
    "nvf": {
      "inputs": {
        "flake-compat": "flake-compat_2",
        "mnw": "mnw",
        "nixpkgs": [
          "nixpkgs"
        ]
      },
      "locked": {
        "lastModified": 1786998546,
        "narHash": "sha256-ok6BBZuGDKvJurSpxR93I7wwP7oIpSy5sox6WvDrbPw=",
        "owner": "NotAShelf",
        "repo": "nvf",
        "rev": "59b0dc327b5ce7a6b510c50456a35891ddd144cc",
        "type": "github"
      },
      "original": {
        "owner": "NotAShelf",
        "repo": "nvf",
        "type": "github"
      }
    },
    "pfp-jar": {
      "flake": false,
      "locked": {
        "lastModified": 1786156174,
        "narHash": "sha256-fwNoDxLecmSbqXRszY4dpqAv+k8bx6cQ/Ll3x2UmGhE=",
        "owner": "y-jar",
        "repo": "pfp-jar",
        "rev": "63b6e7025821a4cca8bd740d9d6f783ebf5dadd2",
        "type": "github"
      },
      "original": {
        "owner": "y-jar",
        "repo": "pfp-jar",
        "type": "github"
      }
    },
    "root": {
      "inputs": {
        "hjem": "hjem",
        "home-manager": "home-manager",
        "icon-jar": "icon-jar",
        "nix-cachyos-kernel": "nix-cachyos-kernel",
        "nixpkgs": "nixpkgs_3",
        "nvf": "nvf",
        "pfp-jar": "pfp-jar",
        "rsakura": "rsakura",
        "shelljar": "shelljar",
        "wall-jar": "wall-jar"
      }
    },
    "rsakura": {
      "inputs": {
        "nixpkgs": "nixpkgs_4"
      },
      "locked": {
        "lastModified": 1784671607,
        "narHash": "sha256-GUAULxRp5IMDpoLoQHlp+Sr2MnVE5xMT0cBKzYZ5n3A=",
        "owner": "preprocessor",
        "repo": "rsakura",
        "rev": "889fc4e5b8fa94dbb2ebf4403e127c03d1ab3275",
        "type": "github"
      },
      "original": {
        "owner": "preprocessor",
        "repo": "rsakura",
        "type": "github"
      }
    },
    "shelljar": {
      "inputs": {
        "nixpkgs": [
          "nixpkgs"
        ]
      },
      "locked": {
        "lastModified": 1787277394,
        "narHash": "sha256-8eb5+gAwTDshUtAMJ4GxEkU31BjNFUb3nVsgJZUtcEw=",
        "owner": "y-jar",
        "repo": "shelljar",
        "rev": "6d71e2afa6be8e501de4dba1c8f95c45de781f4d",
        "type": "github"
      },
      "original": {
        "owner": "y-jar",
        "repo": "shelljar",
        "type": "github"
      }
    },
    "wall-jar": {
      "flake": false,
      "locked": {
        "lastModified": 1786837445,
        "narHash": "sha256-6wKGXVXPZOg4lpMGIZQjhDTwaM3SN7ByWH5fA1jV2s4=",
        "owner": "y-jar",
        "repo": "wall-jar",
        "rev": "9147ae11f994a397cdb5ab2b1d2a4b5c6ff2bf9a",
        "type": "github"
      },
      "original": {
        "owner": "y-jar",
        "repo": "wall-jar",
        "type": "github"
      }
    }
  },
  "root": "root",
  "version": 7
}
